<?xml version="1.0" encoding="utf-8"?>
<Project ToolsVersion="4.0" xmlns="http://schemas.microsoft.com/developer/msbuild/2003">
  <ItemGroup>
    <Filter Include="Source Files">
      <UniqueIdentifier>{4FC737F1-C7A5-4376-A066-2A32D752A2FF}</UniqueIdentifier>
      <Extensions>cpp;c;cc;cxx;def;odl;idl;hpj;bat;asm;asmx</Extensions>
    </Filter>
  </ItemGroup>
  <ItemGroup>
    <ClCompile Include="src\Game.cpp">
      <Filter>Source Files</Filter>
    </ClCompile>
    <ClCompile Include="src\Main.cpp">
      <Filter>Source Files</Filter>
    </ClCompile>
    <ClCompile Include="src\Tile.cpp">
      <Filter>Source Files</Filter>
    </ClCompile>
    <ClCompile Include="src\Search.cpp">
      <Filter>Source Files</Filter>
    </ClCompile>
    <ClCompile Include="src\World.cpp">
      <Filter>Source Files</Filter>
    </ClCompile>
    <ClCompile Include="src\Canvas.cpp">
      <Filter>Source Files</Filter>
    </ClCompile>
    <ClCompile Include="src\GameEngine\EntitySystem\Actor.cpp">
      <Filter>Source Files</Filter>
    </ClCompile>
    <ClCompile Include="src\GameEngine\EntitySystem\Component.cpp">
      <Filter>Source Files</Filter>
    </ClCompile>
    <ClCompile Include="src\GameEngine\EntitySystem\Components\SpriteComponent.cpp">
      <Filter>Source Files</Filter>
    </ClCompile>
    <ClCompile Include="src\GameEngine\EntitySystem\Components\AnimSpriteComponent.cpp">
      <Filter>Source Files</Filter>
    </ClCompile>
    <ClCompile Include="src\Player.cpp">
      <Filter>Source Files</Filter>
    </ClCompile>
    <ClCompile Include="src\GameEngine\EntitySystem\Components\MoveComponent.cpp">
      <Filter>Source Files</Filter>
    </ClCompile>
    <ClCompile Include="src\Asteroid.cpp">
      <Filter>Source Files</Filter>
    </ClCompile>
    <ClCompile Include="src\GameEngine\EntitySystem\Components\InputComponent.cpp">
      <Filter>Source Files</Filter>
    </ClCompile>
    <ClCompile Include="src\GameEngine\EntitySystem\Components\WireframeComponent.cpp">
      <Filter>Source Files</Filter>
    </ClCompile>
    <ClCompile Include="src\Bullet.cpp">
      <Filter>Source Files</Filter>
    </ClCompile>
    <ClCompile Include="src\GameEngine\EntitySystem\Components\ColliderComponent.cpp">
      <Filter>Source Files</Filter>
    </ClCompile>
    <ClCompile Include="src\Vendor\Math.cpp">
      <Filter>Source Files</Filter>
    </ClCompile>
    <ClCompile Include="src\Texture.cpp">
      <Filter>Source Files</Filter>
    </ClCompile>
    <ClCompile Include="src\UIScreen.cpp">
      <Filter>Source Files</Filter>
    </ClCompile>
    <ClCompile Include="src\Renderer.cpp">
      <Filter>Source Files</Filter>
    </ClCompile>
    <ClCompile Include="src\VertexArray.cpp">
      <Filter>Source Files</Filter>
    </ClCompile>
    <ClCompile Include="src\VertexBuffer.cpp">
      <Filter>Source Files</Filter>
    </ClCompile>
    <ClCompile Include="src\IndexBuffer.cpp">
      <Filter>Source Files</Filter>
    </ClCompile>
    <ClCompile Include="src\VertexBufferLayout.cpp">
      <Filter>Source Files</Filter>
    </ClCompile>
    <ClCompile Include="src\Shader.cpp">
      <Filter>Source Files</Filter>
    </ClCompile>
    <ClCompile Include="src\Vendor\Random.cpp">
      <Filter>Source Files</Filter>
    </ClCompile>
    <ClCompile Include="src\Font.cpp">
      <Filter>Source Files</Filter>
    </ClCompile>
    <ClCompile Include="src\Camera.cpp">
      <Filter>Source Files</Filter>
    </ClCompile>
    <ClCompile Include="src\Mesh.cpp">
      <Filter>Source Files</Filter>
    </ClCompile>
    <ClCompile Include="src\GameEngine\EntitySystem\Components\MeshComponent.cpp">
      <Filter>Source Files</Filter>
    </ClCompile>
  </ItemGroup>
  <ItemGroup>
    <ClInclude Include="src\Game.h">
      <Filter>Source Files</Filter>
    </ClInclude>
    <ClInclude Include="src\Tile.h">
      <Filter>Source Files</Filter>
    </ClInclude>
    <ClInclude Include="src\Search.h" />
    <ClInclude Include="src\World.h" />
    <ClInclude Include="src\Vendor\Math.h" />
    <ClInclude Include="src\Canvas.h" />
    <ClInclude Include="src\GameEngine\EntitySystem\Actor.h" />
    <ClInclude Include="src\GameEngine\EntitySystem\Component.h" />
    <ClInclude Include="src\GameEngine\EntitySystem\Components\SpriteComponent.h" />
    <ClInclude Include="src\GameEngine\EntitySystem\Components\AnimSpriteComponent.h" />
    <ClInclude Include="src\Player.h" />
    <ClInclude Include="src\GameEngine\EntitySystem\Components\MoveComponent.h" />
    <ClInclude Include="src\Asteroid.h" />
    <ClInclude Include="src\GameEngine\EntitySystem\Components\InputComponent.h" />
    <ClInclude Include="src\GameEngine\EntitySystem\Components\WireframeComponent.h" />
    <ClInclude Include="src\Bullet.h" />
    <ClInclude Include="src\GameEngine\EntitySystem\Components\ColliderComponent.h" />
    <ClInclude Include="src\Texture.h" />
    <ClInclude Include="src\UIScreen.h" />
    <ClInclude Include="src\Renderer.h" />
    <ClInclude Include="src\VertexArray.h" />
    <ClInclude Include="src\VertexBuffer.h" />
    <ClInclude Include="src\IndexBuffer.h" />
    <ClInclude Include="src\VertexBufferLayout.h" />
    <ClInclude Include="src\Shader.h" />
    <ClInclude Include="src\Vendor\Random.h" />
    <ClInclude Include="src\Font.h" />
    <ClInclude Include="src\Camera.h" />
    <ClInclude Include="src\Mesh.h" />
    <ClInclude Include="src\GameEngine\EntitySystem\Components\MeshComponent.h" />
  </ItemGroup>
  <ItemGroup>
    <None Include="res\shaders\Basic.shader" />
    <None Include="res\shaders\Transform.shader" />
  </ItemGroup>
</Project>